
Microsoft Visual Studio Solution File, Format Version 12.00
# Visual Studio Version 16
VisualStudioVersion = 16.0.32630.194
MinimumVisualStudioVersion = 10.0.40219.1
Project("{9A19103F-16F7-4668-BE54-9A1E7A4F7556}") = "JenkinsApp", "JenkinsApp\JenkinsApp.csproj", "{D97E3D20-E787-4C7B-89EE-8CA623CB567B}"
	ProjectSection(ProjectDependencies) = postProject
		{EE5C22C2-0277-4878-A2CB-9C56AC368EE9} = {EE5C22C2-0277-4878-A2CB-9C56AC368EE9}
	EndProjectSection
EndProject
Project("{FAE04EC0-301F-11D3-BF4B-00C04F79EFBC}") = "MyMaths2", "MyMaths2\MyMaths2.csproj", "{EE5C22C2-0277-4878-A2CB-9C56AC368EE9}"
EndProject
Global
	GlobalSection(SolutionConfigurationPlatforms) = preSolution
		Debug|Any CPU = Debug|Any CPU
		Release|Any CPU = Release|Any CPU
	EndGlobalSection
	GlobalSection(ProjectConfigurationPlatforms) = postSolution
		{D97E3D20-E787-4C7B-89EE-8CA623CB567B}.Debug|Any CPU.ActiveCfg = Debug|Any CPU
		{D97E3D20-E787-4C7B-89EE-8CA623CB567B}.Debug|Any CPU.Build.0 = Debug|Any CPU
		{D97E3D20-E787-4C7B-89EE-8CA623CB567B}.Release|Any CPU.ActiveCfg = Release|Any CPU
		{D97E3D20-E787-4C7B-89EE-8CA623CB567B}.Release|Any CPU.Build.0 = Release|Any CPU
		{EE5C22C2-0277-4878-A2CB-9C56AC368EE9}.Debug|Any CPU.ActiveCfg = Debug|Any CPU
		{EE5C22C2-0277-4878-A2CB-9C56AC368EE9}.Debug|Any CPU.Build.0 = Debug|Any CPU
		{EE5C22C2-0277-4878-A2CB-9C56AC368EE9}.Release|Any CPU.ActiveCfg = Release|Any CPU
		{EE5C22C2-0277-4878-A2CB-9C56AC368EE9}.Release|Any CPU.Build.0 = Release|Any CPU
	EndGlobalSection
	GlobalSection(SolutionProperties) = preSolution
		HideSolutionNode = FALSE
	EndGlobalSection
	GlobalSection(ExtensibilityGlobals) = postSolution
		SolutionGuid = {819FA55D-0E64-45E9-AD2D-843914F438CC}
	EndGlobalSection
EndGlobal
